
Microsoft Visual Studio Solution File, Format Version 12.00
# Visual Studio Version 17
VisualStudioVersion = 17.0.31903.59
MinimumVisualStudioVersion = 10.0.40219.1
Project("{9A19103F-16F7-4668-BE54-9A1E7A4F7556}") = "WebApi", "WebApi\WebApi.csproj", "{A7D6E1B5-801A-4F06-B29F-63CCB664C0C3}"
EndProject
Project("{9A19103F-16F7-4668-BE54-9A1E7A4F7556}") = "DataAccess", "DataAccess\DataAccess.csproj", "{856BF1A8-D1CC-4CB5-8D4E-8A7F36DE4D47}"
EndProject
Project("{9A19103F-16F7-4668-BE54-9A1E7A4F7556}") = "Models", "Models\Models.csproj", "{0667E30B-482D-438C-8E0E-D58FA57B0214}"
EndProject
Project("{2150E333-8FDC-42A3-9474-1A3956D46DE8}") = "Src", "Src", "{C8589D86-02A9-46ED-BA33-CFEAA03DB155}"
EndProject
Project("{2150E333-8FDC-42A3-9474-1A3956D46DE8}") = "Build", "Build", "{C767CF3F-063A-4E44-902A-79EA755C0CED}"
	ProjectSection(SolutionItems) = preProject
		..\.dockerignore = ..\.dockerignore
		..\.gitignore = ..\.gitignore
		..\docker-compose.yaml = ..\docker-compose.yaml
		..\Dockerfile = ..\Dockerfile
	EndProjectSection
EndProject
Global
	GlobalSection(SolutionConfigurationPlatforms) = preSolution
		Debug|Any CPU = Debug|Any CPU
		Release|Any CPU = Release|Any CPU
	EndGlobalSection
	GlobalSection(ProjectConfigurationPlatforms) = postSolution
		{A7D6E1B5-801A-4F06-B29F-63CCB664C0C3}.Debug|Any CPU.ActiveCfg = Debug|Any CPU
		{A7D6E1B5-801A-4F06-B29F-63CCB664C0C3}.Debug|Any CPU.Build.0 = Debug|Any CPU
		{A7D6E1B5-801A-4F06-B29F-63CCB664C0C3}.Release|Any CPU.ActiveCfg = Release|Any CPU
		{A7D6E1B5-801A-4F06-B29F-63CCB664C0C3}.Release|Any CPU.Build.0 = Release|Any CPU
		{856BF1A8-D1CC-4CB5-8D4E-8A7F36DE4D47}.Debug|Any CPU.ActiveCfg = Debug|Any CPU
		{856BF1A8-D1CC-4CB5-8D4E-8A7F36DE4D47}.Debug|Any CPU.Build.0 = Debug|Any CPU
		{856BF1A8-D1CC-4CB5-8D4E-8A7F36DE4D47}.Release|Any CPU.ActiveCfg = Release|Any CPU
		{856BF1A8-D1CC-4CB5-8D4E-8A7F36DE4D47}.Release|Any CPU.Build.0 = Release|Any CPU
		{0667E30B-482D-438C-8E0E-D58FA57B0214}.Debug|Any CPU.ActiveCfg = Debug|Any CPU
		{0667E30B-482D-438C-8E0E-D58FA57B0214}.Debug|Any CPU.Build.0 = Debug|Any CPU
		{0667E30B-482D-438C-8E0E-D58FA57B0214}.Release|Any CPU.ActiveCfg = Release|Any CPU
		{0667E30B-482D-438C-8E0E-D58FA57B0214}.Release|Any CPU.Build.0 = Release|Any CPU
	EndGlobalSection
	GlobalSection(SolutionProperties) = preSolution
		HideSolutionNode = FALSE
	EndGlobalSection
	GlobalSection(NestedProjects) = preSolution
		{A7D6E1B5-801A-4F06-B29F-63CCB664C0C3} = {C8589D86-02A9-46ED-BA33-CFEAA03DB155}
		{856BF1A8-D1CC-4CB5-8D4E-8A7F36DE4D47} = {C8589D86-02A9-46ED-BA33-CFEAA03DB155}
		{0667E30B-482D-438C-8E0E-D58FA57B0214} = {C8589D86-02A9-46ED-BA33-CFEAA03DB155}
	EndGlobalSection
	GlobalSection(ExtensibilityGlobals) = postSolution
		SolutionGuid = {119E5439-E7C9-45B1-B4D6-3164E2786211}
	EndGlobalSection
EndGlobal
